
Microsoft Visual Studio Solution File, Format Version 12.00
# Visual Studio 15
VisualStudioVersion = 15.0.27130.2026
MinimumVisualStudioVersion = 10.0.40219.1
Project("{FAE04EC0-301F-11D3-BF4B-00C04F79EFBC}") = "DotNet_epicture_2017", "DotNet_epicture_2017\DotNet_epicture_2017.csproj", "{BA4D6CA0-F38E-46E9-8377-350CF2A07350}"
EndProject
Global
	GlobalSection(SolutionConfigurationPlatforms) = preSolution
		Debug|Any CPU = Debug|Any CPU
		Release|Any CPU = Release|Any CPU
	EndGlobalSection
	GlobalSection(ProjectConfigurationPlatforms) = postSolution
		{BA4D6CA0-F38E-46E9-8377-350CF2A07350}.Debug|Any CPU.ActiveCfg = Debug|Any CPU
		{BA4D6CA0-F38E-46E9-8377-350CF2A07350}.Debug|Any CPU.Build.0 = Debug|Any CPU
		{BA4D6CA0-F38E-46E9-8377-350CF2A07350}.Release|Any CPU.ActiveCfg = Release|Any CPU
		{BA4D6CA0-F38E-46E9-8377-350CF2A07350}.Release|Any CPU.Build.0 = Release|Any CPU
	EndGlobalSection
	GlobalSection(SolutionProperties) = preSolution
		HideSolutionNode = FALSE
	EndGlobalSection
	GlobalSection(ExtensibilityGlobals) = postSolution
		SolutionGuid = {7B0C1919-F77A-41BF-90BD-DB00774FDE67}
	EndGlobalSection
EndGlobal
